{
  "lockfile_version": "1",
  "packages": {
    "lefthook@latest": {
      "last_modified": "2025-12-19T06:18:24Z",
      "resolved": "github:NixOS/nixpkgs/7d853e518814cca2a657b72eeba67ae20ebf7059#lefthook",
      "source": "devbox-search",
      "version": "2.0.12",
      "systems": {
        "aarch64-darwin": {
          "outputs": [
            {
              "name": "out",
              "path": "/nix/store/9qiyia9l1ksqjb8mxdw9bqz0ah6013kx-lefthook-2.0.12",
              "default": true
            }
          ],
          "store_path": "/nix/store/9qiyia9l1ksqjb8mxdw9bqz0ah6013kx-lefthook-2.0.12"
        },
        "aarch64-linux": {
          "outputs": [
            {
              "name": "out",
              "path": "/nix/store/dhqmpwbsajcj1b7xk4chy16mhqy7l8d9-lefthook-2.0.12",
              "default": true
            }
          ],
          "store_path": "/nix/store/dhqmpwbsajcj1b7xk4chy16mhqy7l8d9-lefthook-2.0.12"
        },
        "x86_64-darwin": {
          "outputs": [
            {
              "name": "out",
              "path": "/nix/store/zxcv17i5f64p3nsy6bbxi14n1xgvkhnx-lefthook-2.0.12",
              "default": true
            }
          ],
          "store_path": "/nix/store/zxcv17i5f64p3nsy6bbxi14n1xgvkhnx-lefthook-2.0.12"
        },
        "x86_64-linux": {
          "outputs": [
            {
              "name": "out",
              "path": "/nix/store/v4fzk9xm5dz562j0jjg5a1149mma27hi-lefthook-2.0.12",
              "default": true
            }
          ],
          "store_path": "/nix/store/v4fzk9xm5dz562j0jjg5a1149mma27hi-lefthook-2.0.12"
        }
      }
    },
    "php85Extensions.xdebug@latest": {
      "last_modified": "2026-05-21T08:15:18Z",
      "resolved": "github:NixOS/nixpkgs/4a29d733e8a7d5b824c3d8c958a946a9867b3eb2#php85Extensions.xdebug",
      "source": "devbox-search",
      "version": "3.5.1",
      "systems": {
        "aarch64-darwin": {
          "outputs": [
            {
              "name": "out",
              "path": "/nix/store/hd58c7q070i3wv9gayh6y36jqg1rfnwc-php-xdebug-3.5.1",
              "default": true
            }
          ],
          "store_path": "/nix/store/hd58c7q070i3wv9gayh6y36jqg1rfnwc-php-xdebug-3.5.1"
        },
        "aarch64-linux": {
          "outputs": [
            {
              "name": "out",
              "path": "/nix/store/wch8wmwwx900w9ynz0cq36z0b0qxk4x4-php-xdebug-3.5.1",
              "default": true
            }
          ],
          "store_path": "/nix/store/wch8wmwwx900w9ynz0cq36z0b0qxk4x4-php-xdebug-3.5.1"
        },
        "x86_64-darwin": {
          "outputs": [
            {
              "name": "out",
              "path": "/nix/store/rnar7jyk1ck69mcvlazy89k3m5g0b8ky-php-xdebug-3.5.1",
              "default": true
            }
          ],
          "store_path": "/nix/store/rnar7jyk1ck69mcvlazy89k3m5g0b8ky-php-xdebug-3.5.1"
        },
        "x86_64-linux": {
          "outputs": [
            {
              "name": "out",
              "path": "/nix/store/yrxj5k50i6dgwdppqscyzkrb6fcqmi6y-php-xdebug-3.5.1",
              "default": true
            }
          ],
          "store_path": "/nix/store/yrxj5k50i6dgwdppqscyzkrb6fcqmi6y-php-xdebug-3.5.1"
        }
      }
    },
    "php@8.5": {
      "last_modified": "2026-05-21T08:15:18Z",
      "plugin_version": "0.0.3",
      "resolved": "github:NixOS/nixpkgs/4a29d733e8a7d5b824c3d8c958a946a9867b3eb2#php85",
      "source": "devbox-search",
      "version": "8.5.6",
      "systems": {
        "aarch64-darwin": {
          "outputs": [
            {
              "name": "out",
              "path": "/nix/store/1ksqmhhahxq3nrrsy9z1z9bbvx748bxf-php-with-extensions-8.5.6",
              "default": true
            }
          ],
          "store_path": "/nix/store/1ksqmhhahxq3nrrsy9z1z9bbvx748bxf-php-with-extensions-8.5.6"
        },
        "aarch64-linux": {
          "outputs": [
            {
              "name": "out",
              "path": "/nix/store/0jp8n7pwijlwri02mxh236w7r39x8d0k-php-with-extensions-8.5.6",
              "default": true
            }
          ],
          "store_path": "/nix/store/0jp8n7pwijlwri02mxh236w7r39x8d0k-php-with-extensions-8.5.6"
        },
        "x86_64-darwin": {
          "outputs": [
            {
              "name": "out",
              "path": "/nix/store/3wz5q3ni98ng8wip73hwnbk0c44kpwhy-php-with-extensions-8.5.6",
              "default": true
            }
          ],
          "store_path": "/nix/store/3wz5q3ni98ng8wip73hwnbk0c44kpwhy-php-with-extensions-8.5.6"
        },
        "x86_64-linux": {
          "outputs": [
            {
              "name": "out",
              "path": "/nix/store/lh71rn4mvkpw61gg927k6m3brhrrkaqm-php-with-extensions-8.5.6",
              "default": true
            }
          ],
          "store_path": "/nix/store/lh71rn4mvkpw61gg927k6m3brhrrkaqm-php-with-extensions-8.5.6"
        }
      }
    }
  }
}
