{
  "lockfile_version": "1",
  "packages": {
    "php85Extensions.xdebug@latest": {
      "last_modified": "2026-05-21T08:15:18Z",
      "resolved": "github:NixOS/nixpkgs/4a29d733e8a7d5b824c3d8c958a946a9867b3eb2#php85Extensions.xdebug",
      "source": "devbox-search",
      "version": "3.5.1",
      "systems": {
        "aarch64-darwin": {
          "outputs": [
            {
              "name": "out",
              "path": "/nix/store/hd58c7q070i3wv9gayh6y36jqg1rfnwc-php-xdebug-3.5.1",
              "default": true
            }
          ],
          "store_path": "/nix/store/hd58c7q070i3wv9gayh6y36jqg1rfnwc-php-xdebug-3.5.1"
        },
        "aarch64-linux": {
          "outputs": [
            {
              "name": "out",
              "path": "/nix/store/wch8wmwwx900w9ynz0cq36z0b0qxk4x4-php-xdebug-3.5.1",
              "default": true
            }
          ],
          "store_path": "/nix/store/wch8wmwwx900w9ynz0cq36z0b0qxk4x4-php-xdebug-3.5.1"
        },
        "x86_64-darwin": {
          "outputs": [
            {
              "name": "out",
              "path": "/nix/store/rnar7jyk1ck69mcvlazy89k3m5g0b8ky-php-xdebug-3.5.1",
              "default": true
            }
          ],
          "store_path": "/nix/store/rnar7jyk1ck69mcvlazy89k3m5g0b8ky-php-xdebug-3.5.1"
        },
        "x86_64-linux": {
          "outputs": [
            {
              "name": "out",
              "path": "/nix/store/yrxj5k50i6dgwdppqscyzkrb6fcqmi6y-php-xdebug-3.5.1",
              "default": true
            }
          ],
          "store_path": "/nix/store/yrxj5k50i6dgwdppqscyzkrb6fcqmi6y-php-xdebug-3.5.1"
        }
      }
    },
    "php@8.5": {
      "last_modified": "2026-05-21T08:15:18Z",
      "plugin_version": "0.0.3",
      "resolved": "github:NixOS/nixpkgs/4a29d733e8a7d5b824c3d8c958a946a9867b3eb2#php85",
      "source": "devbox-search",
      "version": "8.5.6",
      "systems": {
        "aarch64-darwin": {
          "outputs": [
            {
              "name": "out",
              "path": "/nix/store/1ksqmhhahxq3nrrsy9z1z9bbvx748bxf-php-with-extensions-8.5.6",
              "default": true
            }
          ],
          "store_path": "/nix/store/1ksqmhhahxq3nrrsy9z1z9bbvx748bxf-php-with-extensions-8.5.6"
        },
        "aarch64-linux": {
          "outputs": [
            {
              "name": "out",
              "path": "/nix/store/0jp8n7pwijlwri02mxh236w7r39x8d0k-php-with-extensions-8.5.6",
              "default": true
            }
          ],
          "store_path": "/nix/store/0jp8n7pwijlwri02mxh236w7r39x8d0k-php-with-extensions-8.5.6"
        },
        "x86_64-darwin": {
          "outputs": [
            {
              "name": "out",
              "path": "/nix/store/3wz5q3ni98ng8wip73hwnbk0c44kpwhy-php-with-extensions-8.5.6",
              "default": true
            }
          ],
          "store_path": "/nix/store/3wz5q3ni98ng8wip73hwnbk0c44kpwhy-php-with-extensions-8.5.6"
        },
        "x86_64-linux": {
          "outputs": [
            {
              "name": "out",
              "path": "/nix/store/lh71rn4mvkpw61gg927k6m3brhrrkaqm-php-with-extensions-8.5.6",
              "default": true
            }
          ],
          "store_path": "/nix/store/lh71rn4mvkpw61gg927k6m3brhrrkaqm-php-with-extensions-8.5.6"
        }
      }
    }
  }
}
